// !$*UTF8*$!
{
	archiveVersion = 1;
	classes = {
	};
	objectVersion = 46;
	objects = {

/* Begin PBXBuildFile section */
		6D2F028B73DF45B5B4F6E1FD /* libPods.a in Frameworks */ = {isa = PBXBuildFile; fileRef = A4276C6FC73A4C70A7956D8B /* libPods.a */; };
		F70BF34C188D1D1E007AB9F5 /* Images.xcassets in Resources */ = {isa = PBXBuildFile; fileRef = F70BF34B188D1D1E007AB9F5 /* Images.xcassets */; };
		F7174DDB1883E59400D8F8E5 /* DDHotKeyCenter.m in Sources */ = {isa = PBXBuildFile; fileRef = F7174DDA1883E59400D8F8E5 /* DDHotKeyCenter.m */; };
		F7174DDD1883E6C200D8F8E5 /* Carbon.framework in Frameworks */ = {isa = PBXBuildFile; fileRef = F7174DDC1883E6C200D8F8E5 /* Carbon.framework */; };
		F717E83F187FE5E5007EF344 /* Cocoa.framework in Frameworks */ = {isa = PBXBuildFile; fileRef = F717E83E187FE5E5007EF344 /* Cocoa.framework */; };
		F717E849187FE5E5007EF344 /* InfoPlist.strings in Resources */ = {isa = PBXBuildFile; fileRef = F717E847187FE5E5007EF344 /* InfoPlist.strings */; };
		F717E84B187FE5E5007EF344 /* main.m in Sources */ = {isa = PBXBuildFile; fileRef = F717E84A187FE5E5007EF344 /* main.m */; };
		F717E84F187FE5E5007EF344 /* Credits.rtf in Resources */ = {isa = PBXBuildFile; fileRef = F717E84D187FE5E5007EF344 /* Credits.rtf */; };
		F717E852187FE5E5007EF344 /* AppDelegate.m in Sources */ = {isa = PBXBuildFile; fileRef = F717E851187FE5E5007EF344 /* AppDelegate.m */; };
		F717E855187FE5E5007EF344 /* MainMenu.xib in Resources */ = {isa = PBXBuildFile; fileRef = F717E853187FE5E5007EF344 /* MainMenu.xib */; };
		F717E85E187FE5E5007EF344 /* XCTest.framework in Frameworks */ = {isa = PBXBuildFile; fileRef = F717E85D187FE5E5007EF344 /* XCTest.framework */; };
		F717E85F187FE5E5007EF344 /* Cocoa.framework in Frameworks */ = {isa = PBXBuildFile; fileRef = F717E83E187FE5E5007EF344 /* Cocoa.framework */; };
		F717E867187FE5E5007EF344 /* InfoPlist.strings in Resources */ = {isa = PBXBuildFile; fileRef = F717E865187FE5E5007EF344 /* InfoPlist.strings */; };
		F717E869187FE5E5007EF344 /* iHateHexTests.m in Sources */ = {isa = PBXBuildFile; fileRef = F717E868187FE5E5007EF344 /* iHateHexTests.m */; };
		F717E89A18838DCC007EF344 /* ColorPicker.m in Sources */ = {isa = PBXBuildFile; fileRef = F717E89918838DCC007EF344 /* ColorPicker.m */; };
		F7A0C5EA188BFD1500186097 /* pickerGrid.png in Resources */ = {isa = PBXBuildFile; fileRef = F7A0C5E9188BFD1500186097 /* pickerGrid.png */; };
		F7A0C5ED188C267500186097 /* ColorPickerSampleView.m in Sources */ = {isa = PBXBuildFile; fileRef = F7A0C5EC188C267500186097 /* ColorPickerSampleView.m */; };
		F7A687AF18823AB800B55793 /* ColorConverter.m in Sources */ = {isa = PBXBuildFile; fileRef = F7A687AE18823AB800B55793 /* ColorConverter.m */; };
		F7AE86D31881B23400ECFFC2 /* RetinaReducer.m in Sources */ = {isa = PBXBuildFile; fileRef = F7AE86D21881B23400ECFFC2 /* RetinaReducer.m */; };
		F7EF6A10188163830078A63A /* RetinaDropView.m in Sources */ = {isa = PBXBuildFile; fileRef = F7EF6A0F188163830078A63A /* RetinaDropView.m */; };
/* End PBXBuildFile section */

/* Begin PBXContainerItemProxy section */
		F717E860187FE5E5007EF344 /* PBXContainerItemProxy */ = {
			isa = PBXContainerItemProxy;
			containerPortal = F717E833187FE5E5007EF344 /* Project object */;
			proxyType = 1;
			remoteGlobalIDString = F717E83A187FE5E5007EF344;
			remoteInfo = iHateHex;
		};
/* End PBXContainerItemProxy section */

/* Begin PBXFileReference section */
		A4276C6FC73A4C70A7956D8B /* libPods.a */ = {isa = PBXFileReference; explicitFileType = archive.ar; includeInIndex = 0; path = libPods.a; sourceTree = BUILT_PRODUCTS_DIR; };
		F70BF34B188D1D1E007AB9F5 /* Images.xcassets */ = {isa = PBXFileReference; lastKnownFileType = folder.assetcatalog; path = Images.xcassets; sourceTree = "<group>"; };
		F7174DD91883E59400D8F8E5 /* DDHotKeyCenter.h */ = {isa = PBXFileReference; fileEncoding = 4; lastKnownFileType = sourcecode.c.h; path = DDHotKeyCenter.h; sourceTree = "<group>"; };
		F7174DDA1883E59400D8F8E5 /* DDHotKeyCenter.m */ = {isa = PBXFileReference; fileEncoding = 4; lastKnownFileType = sourcecode.c.objc; path = DDHotKeyCenter.m; sourceTree = "<group>"; };
		F7174DDC1883E6C200D8F8E5 /* Carbon.framework */ = {isa = PBXFileReference; lastKnownFileType = wrapper.framework; name = Carbon.framework; path = System/Library/Frameworks/Carbon.framework; sourceTree = SDKROOT; };
		F717E83B187FE5E5007EF344 /* iHateHex.app */ = {isa = PBXFileReference; explicitFileType = wrapper.application; includeInIndex = 0; path = iHateHex.app; sourceTree = BUILT_PRODUCTS_DIR; };
		F717E83E187FE5E5007EF344 /* Cocoa.framework */ = {isa = PBXFileReference; lastKnownFileType = wrapper.framework; name = Cocoa.framework; path = System/Library/Frameworks/Cocoa.framework; sourceTree = SDKROOT; };
		F717E841187FE5E5007EF344 /* AppKit.framework */ = {isa = PBXFileReference; lastKnownFileType = wrapper.framework; name = AppKit.framework; path = System/Library/Frameworks/AppKit.framework; sourceTree = SDKROOT; };
		F717E842187FE5E5007EF344 /* CoreData.framework */ = {isa = PBXFileReference; lastKnownFileType = wrapper.framework; name = CoreData.framework; path = System/Library/Frameworks/CoreData.framework; sourceTree = SDKROOT; };
		F717E843187FE5E5007EF344 /* Foundation.framework */ = {isa = PBXFileReference; lastKnownFileType = wrapper.framework; name = Foundation.framework; path = System/Library/Frameworks/Foundation.framework; sourceTree = SDKROOT; };
		F717E846187FE5E5007EF344 /* iHateHex-Info.plist */ = {isa = PBXFileReference; lastKnownFileType = text.plist.xml; path = "iHateHex-Info.plist"; sourceTree = "<group>"; };
		F717E848187FE5E5007EF344 /* en */ = {isa = PBXFileReference; lastKnownFileType = text.plist.strings; name = en; path = en.lproj/InfoPlist.strings; sourceTree = "<group>"; };
		F717E84A187FE5E5007EF344 /* main.m */ = {isa = PBXFileReference; lastKnownFileType = sourcecode.c.objc; path = main.m; sourceTree = "<group>"; };
		F717E84C187FE5E5007EF344 /* iHateHex-Prefix.pch */ = {isa = PBXFileReference; lastKnownFileType = sourcecode.c.h; path = "iHateHex-Prefix.pch"; sourceTree = "<group>"; };
		F717E84E187FE5E5007EF344 /* en */ = {isa = PBXFileReference; lastKnownFileType = text.rtf; name = en; path = en.lproj/Credits.rtf; sourceTree = "<group>"; };
		F717E850187FE5E5007EF344 /* AppDelegate.h */ = {isa = PBXFileReference; lastKnownFileType = sourcecode.c.h; path = AppDelegate.h; sourceTree = "<group>"; };
		F717E851187FE5E5007EF344 /* AppDelegate.m */ = {isa = PBXFileReference; lastKnownFileType = sourcecode.c.objc; path = AppDelegate.m; sourceTree = "<group>"; };
		F717E854187FE5E5007EF344 /* Base */ = {isa = PBXFileReference; lastKnownFileType = file.xib; name = Base; path = Base.lproj/MainMenu.xib; sourceTree = "<group>"; };
		F717E85C187FE5E5007EF344 /* iHateHexTests.xctest */ = {isa = PBXFileReference; explicitFileType = wrapper.cfbundle; includeInIndex = 0; path = iHateHexTests.xctest; sourceTree = BUILT_PRODUCTS_DIR; };
		F717E85D187FE5E5007EF344 /* XCTest.framework */ = {isa = PBXFileReference; lastKnownFileType = wrapper.framework; name = XCTest.framework; path = Library/Frameworks/XCTest.framework; sourceTree = DEVELOPER_DIR; };
		F717E864187FE5E5007EF344 /* iHateHexTests-Info.plist */ = {isa = PBXFileReference; lastKnownFileType = text.plist.xml; path = "iHateHexTests-Info.plist"; sourceTree = "<group>"; };
		F717E866187FE5E5007EF344 /* en */ = {isa = PBXFileReference; lastKnownFileType = text.plist.strings; name = en; path = en.lproj/InfoPlist.strings; sourceTree = "<group>"; };
		F717E868187FE5E5007EF344 /* iHateHexTests.m */ = {isa = PBXFileReference; lastKnownFileType = sourcecode.c.objc; path = iHateHexTests.m; sourceTree = "<group>"; };
		F717E89818838DCC007EF344 /* ColorPicker.h */ = {isa = PBXFileReference; fileEncoding = 4; lastKnownFileType = sourcecode.c.h; path = ColorPicker.h; sourceTree = "<group>"; };
		F717E89918838DCC007EF344 /* ColorPicker.m */ = {isa = PBXFileReference; fileEncoding = 4; lastKnownFileType = sourcecode.c.objc; path = ColorPicker.m; sourceTree = "<group>"; };
		F7A0C5E9188BFD1500186097 /* pickerGrid.png */ = {isa = PBXFileReference; lastKnownFileType = image.png; path = pickerGrid.png; sourceTree = "<group>"; };
		F7A0C5EB188C267500186097 /* ColorPickerSampleView.h */ = {isa = PBXFileReference; fileEncoding = 4; lastKnownFileType = sourcecode.c.h; path = ColorPickerSampleView.h; sourceTree = "<group>"; };
		F7A0C5EC188C267500186097 /* ColorPickerSampleView.m */ = {isa = PBXFileReference; fileEncoding = 4; lastKnownFileType = sourcecode.c.objc; path = ColorPickerSampleView.m; sourceTree = "<group>"; };
		F7A687AD18823AB800B55793 /* ColorConverter.h */ = {isa = PBXFileReference; fileEncoding = 4; lastKnownFileType = sourcecode.c.h; path = ColorConverter.h; sourceTree = "<group>"; };
		F7A687AE18823AB800B55793 /* ColorConverter.m */ = {isa = PBXFileReference; fileEncoding = 4; lastKnownFileType = sourcecode.c.objc; path = ColorConverter.m; sourceTree = "<group>"; };
		F7AE86D11881B23400ECFFC2 /* RetinaReducer.h */ = {isa = PBXFileReference; fileEncoding = 4; lastKnownFileType = sourcecode.c.h; path = RetinaReducer.h; sourceTree = "<group>"; };
		F7AE86D21881B23400ECFFC2 /* RetinaReducer.m */ = {isa = PBXFileReference; fileEncoding = 4; lastKnownFileType = sourcecode.c.objc; path = RetinaReducer.m; sourceTree = "<group>"; };
		F7EF6A0E188163830078A63A /* RetinaDropView.h */ = {isa = PBXFileReference; fileEncoding = 4; lastKnownFileType = sourcecode.c.h; path = RetinaDropView.h; sourceTree = "<group>"; };
		F7EF6A0F188163830078A63A /* RetinaDropView.m */ = {isa = PBXFileReference; fileEncoding = 4; lastKnownFileType = sourcecode.c.objc; path = RetinaDropView.m; sourceTree = "<group>"; };
		FBF74A74A79C49008A100F1F /* Pods.xcconfig */ = {isa = PBXFileReference; includeInIndex = 1; lastKnownFileType = text.xcconfig; name = Pods.xcconfig; path = Pods/Pods.xcconfig; sourceTree = "<group>"; };
/* End PBXFileReference section */

/* Begin PBXFrameworksBuildPhase section */
		F717E838187FE5E5007EF344 /* Frameworks */ = {
			isa = PBXFrameworksBuildPhase;
			buildActionMask = 2147483647;
			files = (
				F7174DDD1883E6C200D8F8E5 /* Carbon.framework in Frameworks */,
				F717E83F187FE5E5007EF344 /* Cocoa.framework in Frameworks */,
				6D2F028B73DF45B5B4F6E1FD /* libPods.a in Frameworks */,
			);
			runOnlyForDeploymentPostprocessing = 0;
		};
		F717E859187FE5E5007EF344 /* Frameworks */ = {
			isa = PBXFrameworksBuildPhase;
			buildActionMask = 2147483647;
			files = (
				F717E85F187FE5E5007EF344 /* Cocoa.framework in Frameworks */,
				F717E85E187FE5E5007EF344 /* XCTest.framework in Frameworks */,
			);
			runOnlyForDeploymentPostprocessing = 0;
		};
/* End PBXFrameworksBuildPhase section */

/* Begin PBXGroup section */
		F717E832187FE5E5007EF344 = {
			isa = PBXGroup;
			children = (
				F717E844187FE5E5007EF344 /* iHateHex */,
				F717E862187FE5E5007EF344 /* iHateHexTests */,
				F717E83D187FE5E5007EF344 /* Frameworks */,
				F717E83C187FE5E5007EF344 /* Products */,
				FBF74A74A79C49008A100F1F /* Pods.xcconfig */,
			);
			sourceTree = "<group>";
		};
		F717E83C187FE5E5007EF344 /* Products */ = {
			isa = PBXGroup;
			children = (
				F717E83B187FE5E5007EF344 /* iHateHex.app */,
				F717E85C187FE5E5007EF344 /* iHateHexTests.xctest */,
			);
			name = Products;
			sourceTree = "<group>";
		};
		F717E83D187FE5E5007EF344 /* Frameworks */ = {
			isa = PBXGroup;
			children = (
				F7174DDC1883E6C200D8F8E5 /* Carbon.framework */,
				F717E83E187FE5E5007EF344 /* Cocoa.framework */,
				F717E85D187FE5E5007EF344 /* XCTest.framework */,
				F717E840187FE5E5007EF344 /* Other Frameworks */,
				A4276C6FC73A4C70A7956D8B /* libPods.a */,
			);
			name = Frameworks;
			sourceTree = "<group>";
		};
		F717E840187FE5E5007EF344 /* Other Frameworks */ = {
			isa = PBXGroup;
			children = (
				F717E841187FE5E5007EF344 /* AppKit.framework */,
				F717E842187FE5E5007EF344 /* CoreData.framework */,
				F717E843187FE5E5007EF344 /* Foundation.framework */,
			);
			name = "Other Frameworks";
			sourceTree = "<group>";
		};
		F717E844187FE5E5007EF344 /* iHateHex */ = {
			isa = PBXGroup;
			children = (
				F717E850187FE5E5007EF344 /* AppDelegate.h */,
				F717E851187FE5E5007EF344 /* AppDelegate.m */,
				F7174DD91883E59400D8F8E5 /* DDHotKeyCenter.h */,
				F7174DDA1883E59400D8F8E5 /* DDHotKeyCenter.m */,
				F717E89718838DC4007EF344 /* Hex */,
				F717E89B18838DD1007EF344 /* Retina Reducer */,
				F717E853187FE5E5007EF344 /* MainMenu.xib */,
				F7A0C5E9188BFD1500186097 /* pickerGrid.png */,
				F70BF34B188D1D1E007AB9F5 /* Images.xcassets */,
				F717E845187FE5E5007EF344 /* Supporting Files */,
			);
			path = iHateHex;
			sourceTree = "<group>";
		};
		F717E845187FE5E5007EF344 /* Supporting Files */ = {
			isa = PBXGroup;
			children = (
				F717E846187FE5E5007EF344 /* iHateHex-Info.plist */,
				F717E847187FE5E5007EF344 /* InfoPlist.strings */,
				F717E84A187FE5E5007EF344 /* main.m */,
				F717E84C187FE5E5007EF344 /* iHateHex-Prefix.pch */,
				F717E84D187FE5E5007EF344 /* Credits.rtf */,
			);
			name = "Supporting Files";
			sourceTree = "<group>";
		};
		F717E862187FE5E5007EF344 /* iHateHexTests */ = {
			isa = PBXGroup;
			children = (
				F717E868187FE5E5007EF344 /* iHateHexTests.m */,
				F717E863187FE5E5007EF344 /* Supporting Files */,
			);
			path = iHateHexTests;
			sourceTree = "<group>";
		};
		F717E863187FE5E5007EF344 /* Supporting Files */ = {
			isa = PBXGroup;
			children = (
				F717E864187FE5E5007EF344 /* iHateHexTests-Info.plist */,
				F717E865187FE5E5007EF344 /* InfoPlist.strings */,
			);
			name = "Supporting Files";
			sourceTree = "<group>";
		};
		F717E89718838DC4007EF344 /* Hex */ = {
			isa = PBXGroup;
			children = (
				F717E89818838DCC007EF344 /* ColorPicker.h */,
				F717E89918838DCC007EF344 /* ColorPicker.m */,
				F7A0C5EB188C267500186097 /* ColorPickerSampleView.h */,
				F7A0C5EC188C267500186097 /* ColorPickerSampleView.m */,
				F7A687AD18823AB800B55793 /* ColorConverter.h */,
				F7A687AE18823AB800B55793 /* ColorConverter.m */,
			);
			name = Hex;
			sourceTree = "<group>";
		};
		F717E89B18838DD1007EF344 /* Retina Reducer */ = {
			isa = PBXGroup;
			children = (
				F7EF6A0E188163830078A63A /* RetinaDropView.h */,
				F7EF6A0F188163830078A63A /* RetinaDropView.m */,
				F7AE86D11881B23400ECFFC2 /* RetinaReducer.h */,
				F7AE86D21881B23400ECFFC2 /* RetinaReducer.m */,
			);
			name = "Retina Reducer";
			sourceTree = "<group>";
		};
/* End PBXGroup section */

/* Begin PBXNativeTarget section */
		F717E83A187FE5E5007EF344 /* iHateHex */ = {
			isa = PBXNativeTarget;
			buildConfigurationList = F717E86C187FE5E5007EF344 /* Build configuration list for PBXNativeTarget "iHateHex" */;
			buildPhases = (
				A1A250150C07460789EAF870 /* Check Pods Manifest.lock */,
				F717E837187FE5E5007EF344 /* Sources */,
				F717E838187FE5E5007EF344 /* Frameworks */,
				F717E839187FE5E5007EF344 /* Resources */,
				DF26B9D0A55042AB9EC1D673 /* Copy Pods Resources */,
			);
			buildRules = (
			);
			dependencies = (
			);
			name = iHateHex;
			productName = iHateHex;
			productReference = F717E83B187FE5E5007EF344 /* iHateHex.app */;
			productType = "com.apple.product-type.application";
		};
		F717E85B187FE5E5007EF344 /* iHateHexTests */ = {
			isa = PBXNativeTarget;
			buildConfigurationList = F717E86F187FE5E5007EF344 /* Build configuration list for PBXNativeTarget "iHateHexTests" */;
			buildPhases = (
				F717E858187FE5E5007EF344 /* Sources */,
				F717E859187FE5E5007EF344 /* Frameworks */,
				F717E85A187FE5E5007EF344 /* Resources */,
			);
			buildRules = (
			);
			dependencies = (
				F717E861187FE5E5007EF344 /* PBXTargetDependency */,
			);
			name = iHateHexTests;
			productName = iHateHexTests;
			productReference = F717E85C187FE5E5007EF344 /* iHateHexTests.xctest */;
			productType = "com.apple.product-type.bundle.unit-test";
		};
/* End PBXNativeTarget section */

/* Begin PBXProject section */
		F717E833187FE5E5007EF344 /* Project object */ = {
			isa = PBXProject;
			attributes = {
				LastUpgradeCheck = 0500;
				ORGANIZATIONNAME = soleaf;
				TargetAttributes = {
					F717E85B187FE5E5007EF344 = {
						TestTargetID = F717E83A187FE5E5007EF344;
					};
				};
			};
			buildConfigurationList = F717E836187FE5E5007EF344 /* Build configuration list for PBXProject "iHateHex" */;
			compatibilityVersion = "Xcode 3.2";
			developmentRegion = English;
			hasScannedForEncodings = 0;
			knownRegions = (
				en,
				Base,
			);
			mainGroup = F717E832187FE5E5007EF344;
			productRefGroup = F717E83C187FE5E5007EF344 /* Products */;
			projectDirPath = "";
			projectRoot = "";
			targets = (
				F717E83A187FE5E5007EF344 /* iHateHex */,
				F717E85B187FE5E5007EF344 /* iHateHexTests */,
			);
		};
/* End PBXProject section */

/* Begin PBXResourcesBuildPhase section */
		F717E839187FE5E5007EF344 /* Resources */ = {
			isa = PBXResourcesBuildPhase;
			buildActionMask = 2147483647;
			files = (
				F7A0C5EA188BFD1500186097 /* pickerGrid.png in Resources */,
				F717E849187FE5E5007EF344 /* InfoPlist.strings in Resources */,
				F70BF34C188D1D1E007AB9F5 /* Images.xcassets in Resources */,
				F717E84F187FE5E5007EF344 /* Credits.rtf in Resources */,
				F717E855187FE5E5007EF344 /* MainMenu.xib in Resources */,
			);
			runOnlyForDeploymentPostprocessing = 0;
		};
		F717E85A187FE5E5007EF344 /* Resources */ = {
			isa = PBXResourcesBuildPhase;
			buildActionMask = 2147483647;
			files = (
				F717E867187FE5E5007EF344 /* InfoPlist.strings in Resources */,
			);
			runOnlyForDeploymentPostprocessing = 0;
		};
/* End PBXResourcesBuildPhase section */

/* Begin PBXShellScriptBuildPhase section */
		A1A250150C07460789EAF870 /* Check Pods Manifest.lock */ = {
			isa = PBXShellScriptBuildPhase;
			buildActionMask = 2147483647;
			files = (
			);
			inputPaths = (
			);
			name = "Check Pods Manifest.lock";
			outputPaths = (
			);
			runOnlyForDeploymentPostprocessing = 0;
			shellPath = /bin/sh;
			shellScript = "diff \"${PODS_ROOT}/../Podfile.lock\" \"${PODS_ROOT}/Manifest.lock\" > /dev/null\nif [[ $? != 0 ]] ; then\n    cat << EOM\nerror: The sandbox is not in sync with the Podfile.lock. Run 'pod install' or update your CocoaPods installation.\nEOM\n    exit 1\nfi\n";
			showEnvVarsInLog = 0;
		};
		DF26B9D0A55042AB9EC1D673 /* Copy Pods Resources */ = {
			isa = PBXShellScriptBuildPhase;
			buildActionMask = 2147483647;
			files = (
			);
			inputPaths = (
			);
			name = "Copy Pods Resources";
			outputPaths = (
			);
			runOnlyForDeploymentPostprocessing = 0;
			shellPath = /bin/sh;
			shellScript = "\"${SRCROOT}/Pods/Pods-resources.sh\"\n";
			showEnvVarsInLog = 0;
		};
/* End PBXShellScriptBuildPhase section */

/* Begin PBXSourcesBuildPhase section */
		F717E837187FE5E5007EF344 /* Sources */ = {
			isa = PBXSourcesBuildPhase;
			buildActionMask = 2147483647;
			files = (
				F717E852187FE5E5007EF344 /* AppDelegate.m in Sources */,
				F7A687AF18823AB800B55793 /* ColorConverter.m in Sources */,
				F7EF6A10188163830078A63A /* RetinaDropView.m in Sources */,
				F717E84B187FE5E5007EF344 /* main.m in Sources */,
				F7A0C5ED188C267500186097 /* ColorPickerSampleView.m in Sources */,
				F7AE86D31881B23400ECFFC2 /* RetinaReducer.m in Sources */,
				F717E89A18838DCC007EF344 /* ColorPicker.m in Sources */,
				F7174DDB1883E59400D8F8E5 /* DDHotKeyCenter.m in Sources */,
			);
			runOnlyForDeploymentPostprocessing = 0;
		};
		F717E858187FE5E5007EF344 /* Sources */ = {
			isa = PBXSourcesBuildPhase;
			buildActionMask = 2147483647;
			files = (
				F717E869187FE5E5007EF344 /* iHateHexTests.m in Sources */,
			);
			runOnlyForDeploymentPostprocessing = 0;
		};
/* End PBXSourcesBuildPhase section */

/* Begin PBXTargetDependency section */
		F717E861187FE5E5007EF344 /* PBXTargetDependency */ = {
			isa = PBXTargetDependency;
			target = F717E83A187FE5E5007EF344 /* iHateHex */;
			targetProxy = F717E860187FE5E5007EF344 /* PBXContainerItemProxy */;
		};
/* End PBXTargetDependency section */

/* Begin PBXVariantGroup section */
		F717E847187FE5E5007EF344 /* InfoPlist.strings */ = {
			isa = PBXVariantGroup;
			children = (
				F717E848187FE5E5007EF344 /* en */,
			);
			name = InfoPlist.strings;
			sourceTree = "<group>";
		};
		F717E84D187FE5E5007EF344 /* Credits.rtf */ = {
			isa = PBXVariantGroup;
			children = (
				F717E84E187FE5E5007EF344 /* en */,
			);
			name = Credits.rtf;
			sourceTree = "<group>";
		};
		F717E853187FE5E5007EF344 /* MainMenu.xib */ = {
			isa = PBXVariantGroup;
			children = (
				F717E854187FE5E5007EF344 /* Base */,
			);
			name = MainMenu.xib;
			sourceTree = "<group>";
		};
		F717E865187FE5E5007EF344 /* InfoPlist.strings */ = {
			isa = PBXVariantGroup;
			children = (
				F717E866187FE5E5007EF344 /* en */,
			);
			name = InfoPlist.strings;
			sourceTree = "<group>";
		};
/* End PBXVariantGroup section */

/* Begin XCBuildConfiguration section */
		F717E86A187FE5E5007EF344 /* Debug */ = {
			isa = XCBuildConfiguration;
			buildSettings = {
				ALWAYS_SEARCH_USER_PATHS = NO;
				CLANG_CXX_LANGUAGE_STANDARD = "gnu++0x";
				CLANG_CXX_LIBRARY = "libc++";
				CLANG_ENABLE_OBJC_ARC = YES;
				CLANG_WARN_BOOL_CONVERSION = YES;
				CLANG_WARN_CONSTANT_CONVERSION = YES;
				CLANG_WARN_DIRECT_OBJC_ISA_USAGE = YES_ERROR;
				CLANG_WARN_EMPTY_BODY = YES;
				CLANG_WARN_ENUM_CONVERSION = YES;
				CLANG_WARN_INT_CONVERSION = YES;
				CLANG_WARN_OBJC_ROOT_CLASS = YES_ERROR;
				CLANG_WARN__DUPLICATE_METHOD_MATCH = YES;
				COPY_PHASE_STRIP = NO;
				GCC_C_LANGUAGE_STANDARD = gnu99;
				GCC_DYNAMIC_NO_PIC = NO;
				GCC_ENABLE_OBJC_EXCEPTIONS = YES;
				GCC_OPTIMIZATION_LEVEL = 0;
				GCC_PREPROCESSOR_DEFINITIONS = (
					"DEBUG=1",
					"$(inherited)",
				);
				GCC_SYMBOLS_PRIVATE_EXTERN = NO;
				GCC_WARN_64_TO_32_BIT_CONVERSION = YES;
				GCC_WARN_ABOUT_RETURN_TYPE = YES_ERROR;
				GCC_WARN_UNDECLARED_SELECTOR = YES;
				GCC_WARN_UNINITIALIZED_AUTOS = YES;
				GCC_WARN_UNUSED_FUNCTION = YES;
				GCC_WARN_UNUSED_VARIABLE = YES;
				MACOSX_DEPLOYMENT_TARGET = 10.8;
				ONLY_ACTIVE_ARCH = YES;
				SDKROOT = macosx;
			};
			name = Debug;
		};
		F717E86B187FE5E5007EF344 /* Release */ = {
			isa = XCBuildConfiguration;
			buildSettings = {
				ALWAYS_SEARCH_USER_PATHS = NO;
				CLANG_CXX_LANGUAGE_STANDARD = "gnu++0x";
				CLANG_CXX_LIBRARY = "libc++";
				CLANG_ENABLE_OBJC_ARC = YES;
				CLANG_WARN_BOOL_CONVERSION = YES;
				CLANG_WARN_CONSTANT_CONVERSION = YES;
				CLANG_WARN_DIRECT_OBJC_ISA_USAGE = YES_ERROR;
				CLANG_WARN_EMPTY_BODY = YES;
				CLANG_WARN_ENUM_CONVERSION = YES;
				CLANG_WARN_INT_CONVERSION = YES;
				CLANG_WARN_OBJC_ROOT_CLASS = YES_ERROR;
				CLANG_WARN__DUPLICATE_METHOD_MATCH = YES;
				COPY_PHASE_STRIP = YES;
				DEBUG_INFORMATION_FORMAT = "dwarf-with-dsym";
				ENABLE_NS_ASSERTIONS = NO;
				GCC_C_LANGUAGE_STANDARD = gnu99;
				GCC_ENABLE_OBJC_EXCEPTIONS = YES;
				GCC_WARN_64_TO_32_BIT_CONVERSION = YES;
				GCC_WARN_ABOUT_RETURN_TYPE = YES_ERROR;
				GCC_WARN_UNDECLARED_SELECTOR = YES;
				GCC_WARN_UNINITIALIZED_AUTOS = YES;
				GCC_WARN_UNUSED_FUNCTION = YES;
				GCC_WARN_UNUSED_VARIABLE = YES;
				MACOSX_DEPLOYMENT_TARGET = 10.8;
				SDKROOT = macosx;
			};
			name = Release;
		};
		F717E86D187FE5E5007EF344 /* Debug */ = {
			isa = XCBuildConfiguration;
			baseConfigurationReference = FBF74A74A79C49008A100F1F /* Pods.xcconfig */;
			buildSettings = {
				ASSETCATALOG_COMPILER_APPICON_NAME = AppIcon;
				COMBINE_HIDPI_IMAGES = YES;
				GCC_PRECOMPILE_PREFIX_HEADER = YES;
				GCC_PREFIX_HEADER = "iHateHex/iHateHex-Prefix.pch";
				INFOPLIST_FILE = "iHateHex/iHateHex-Info.plist";
				PRODUCT_NAME = "$(TARGET_NAME)";
				WRAPPER_EXTENSION = app;
			};
			name = Debug;
		};
		F717E86E187FE5E5007EF344 /* Release */ = {
			isa = XCBuildConfiguration;
			baseConfigurationReference = FBF74A74A79C49008A100F1F /* Pods.xcconfig */;
			buildSettings = {
				ASSETCATALOG_COMPILER_APPICON_NAME = AppIcon;
				COMBINE_HIDPI_IMAGES = YES;
				GCC_PRECOMPILE_PREFIX_HEADER = YES;
				GCC_PREFIX_HEADER = "iHateHex/iHateHex-Prefix.pch";
				INFOPLIST_FILE = "iHateHex/iHateHex-Info.plist";
				PRODUCT_NAME = "$(TARGET_NAME)";
				WRAPPER_EXTENSION = app;
			};
			name = Release;
		};
		F717E870187FE5E5007EF344 /* Debug */ = {
			isa = XCBuildConfiguration;
			buildSettings = {
				BUNDLE_LOADER = "$(BUILT_PRODUCTS_DIR)/iHateHex.app/Contents/MacOS/iHateHex";
				COMBINE_HIDPI_IMAGES = YES;
				FRAMEWORK_SEARCH_PATHS = (
					"$(DEVELOPER_FRAMEWORKS_DIR)",
					"$(inherited)",
				);
				GCC_PRECOMPILE_PREFIX_HEADER = YES;
				GCC_PREFIX_HEADER = "iHateHex/iHateHex-Prefix.pch";
				GCC_PREPROCESSOR_DEFINITIONS = (
					"DEBUG=1",
					"$(inherited)",
				);
				INFOPLIST_FILE = "iHateHexTests/iHateHexTests-Info.plist";
				PRODUCT_NAME = "$(TARGET_NAME)";
				TEST_HOST = "$(BUNDLE_LOADER)";
				WRAPPER_EXTENSION = xctest;
			};
			name = Debug;
		};
		F717E871187FE5E5007EF344 /* Release */ = {
			isa = XCBuildConfiguration;
			buildSettings = {
				BUNDLE_LOADER = "$(BUILT_PRODUCTS_DIR)/iHateHex.app/Contents/MacOS/iHateHex";
				COMBINE_HIDPI_IMAGES = YES;
				FRAMEWORK_SEARCH_PATHS = (
					"$(DEVELOPER_FRAMEWORKS_DIR)",
					"$(inherited)",
				);
				GCC_PRECOMPILE_PREFIX_HEADER = YES;
				GCC_PREFIX_HEADER = "iHateHex/iHateHex-Prefix.pch";
				INFOPLIST_FILE = "iHateHexTests/iHateHexTests-Info.plist";
				PRODUCT_NAME = "$(TARGET_NAME)";
				TEST_HOST = "$(BUNDLE_LOADER)";
				WRAPPER_EXTENSION = xctest;
			};
			name = Release;
		};
/* End XCBuildConfiguration section */

/* Begin XCConfigurationList section */
		F717E836187FE5E5007EF344 /* Build configuration list for PBXProject "iHateHex" */ = {
			isa = XCConfigurationList;
			buildConfigurations = (
				F717E86A187FE5E5007EF344 /* Debug */,
				F717E86B187FE5E5007EF344 /* Release */,
			);
			defaultConfigurationIsVisible = 0;
			defaultConfigurationName = Release;
		};
		F717E86C187FE5E5007EF344 /* Build configuration list for PBXNativeTarget "iHateHex" */ = {
			isa = XCConfigurationList;
			buildConfigurations = (
				F717E86D187FE5E5007EF344 /* Debug */,
				F717E86E187FE5E5007EF344 /* Release */,
			);
			defaultConfigurationIsVisible = 0;
			defaultConfigurationName = Release;
		};
		F717E86F187FE5E5007EF344 /* Build configuration list for PBXNativeTarget "iHateHexTests" */ = {
			isa = XCConfigurationList;
			buildConfigurations = (
				F717E870187FE5E5007EF344 /* Debug */,
				F717E871187FE5E5007EF344 /* Release */,
			);
			defaultConfigurationIsVisible = 0;
			defaultConfigurationName = Release;
		};
/* End XCConfigurationList section */
	};
	rootObject = F717E833187FE5E5007EF344 /* Project object */;
}
